
Microsoft Visual Studio Solution File, Format Version 12.00
# Visual Studio Version 17
VisualStudioVersion = 17.14.36109.1 d17.14
MinimumVisualStudioVersion = 10.0.40219.1
Project("{FAE04EC0-301F-11D3-BF4B-00C04F79EFBC}") = "LibraryManagement", "LibraryManagement.csproj", "{BD8353E6-BCEF-42B1-9340-C23E8F468F79}"
EndProject
Global
	GlobalSection(SolutionConfigurationPlatforms) = preSolution
		Debug|Any CPU = Debug|Any CPU
		Release|Any CPU = Release|Any CPU
	EndGlobalSection
	GlobalSection(ProjectConfigurationPlatforms) = postSolution
		{BD8353E6-BCEF-42B1-9340-C23E8F468F79}.Debug|Any CPU.ActiveCfg = Debug|Any CPU
		{BD8353E6-BCEF-42B1-9340-C23E8F468F79}.Debug|Any CPU.Build.0 = Debug|Any CPU
		{BD8353E6-BCEF-42B1-9340-C23E8F468F79}.Release|Any CPU.ActiveCfg = Release|Any CPU
		{BD8353E6-BCEF-42B1-9340-C23E8F468F79}.Release|Any CPU.Build.0 = Release|Any CPU
	EndGlobalSection
	GlobalSection(SolutionProperties) = preSolution
		HideSolutionNode = FALSE
	EndGlobalSection
	GlobalSection(ExtensibilityGlobals) = postSolution
		SolutionGuid = {17B9659E-CDDD-4C04-A40F-667C9587BD71}
	EndGlobalSection
EndGlobal
